Microsoft Visual Studio Solution File, Format Version 11.00
# Visual Studio 2008

Project("{667879C9-CCD4-555C-4487-3795237FF2D1}") = "2Player Pong", "Assembly-CSharp-vs.csproj", "{EEAC2702-E855-F03B-7CBC-32AFB4ED1097}"
EndProject
Global
	GlobalSection(SolutionConfigurationPlatforms) = preSolution
		Debug|Any CPU = Debug|Any CPU
		Release|Any CPU = Release|Any CPU
	EndGlobalSection
	GlobalSection(ProjectConfigurationPlatforms) = postSolution
		{EEAC2702-E855-F03B-7CBC-32AFB4ED1097}.Debug|Any CPU.ActiveCfg = Debug|Any CPU
		{EEAC2702-E855-F03B-7CBC-32AFB4ED1097}.Debug|Any CPU.Build.0 = Debug|Any CPU
		{EEAC2702-E855-F03B-7CBC-32AFB4ED1097}.Release|Any CPU.ActiveCfg = Release|Any CPU
		{EEAC2702-E855-F03B-7CBC-32AFB4ED1097}.Release|Any CPU.Build.0 = Release|Any CPU
	EndGlobalSection
	GlobalSection(SolutionProperties) = preSolution
		HideSolutionNode = FALSE
	EndGlobalSection
			GlobalSection(MonoDevelopProperties) = preSolution
		StartupItem = Assembly-CSharp.csproj
		Policies = $0
		$0.TextStylePolicy = $1
		$1.inheritsSet = null
		$1.scope = text/x-csharp
		$0.CSharpFormattingPolicy = $2
		$2.inheritsSet = Mono
		$2.inheritsScope = text/x-csharp
		$2.scope = text/x-csharp
		$0.TextStylePolicy = $3
		$3.FileWidth = 120
		$3.TabWidth = 4
		$3.IndentWidth = 4
		$3.EolMarker = Unix
		$3.inheritsSet = Mono
		$3.inheritsScope = text/plain
		$3.scope = text/plain
	EndGlobalSection

EndGlobal
